
Microsoft Visual Studio Solution File, Format Version 12.00
# Visual Studio 2012
Project("{FAE04EC0-301F-11D3-BF4B-00C04F79EFBC}") = "chezzles", "chezzles.csproj", "{B8CD9200-9195-421D-9267-0674833DF478}"
EndProject
Project("{FAE04EC0-301F-11D3-BF4B-00C04F79EFBC}") = "chezzles.Droid", "Droid\chezzles.Droid.csproj", "{466D9A22-56AA-4259-A6E9-175C9DF4960E}"
EndProject
Project("{FAE04EC0-301F-11D3-BF4B-00C04F79EFBC}") = "chezzles.UITests", "UITests\chezzles.UITests.csproj", "{21934167-A52A-4C3B-A801-DB48121EAABB}"
EndProject
Global
	GlobalSection(SolutionConfigurationPlatforms) = preSolution
		Debug|Any CPU = Debug|Any CPU
		Release|Any CPU = Release|Any CPU
	EndGlobalSection
	GlobalSection(ProjectConfigurationPlatforms) = postSolution
		{21934167-A52A-4C3B-A801-DB48121EAABB}.Debug|Any CPU.ActiveCfg = Debug|Any CPU
		{21934167-A52A-4C3B-A801-DB48121EAABB}.Debug|Any CPU.Build.0 = Debug|Any CPU
		{21934167-A52A-4C3B-A801-DB48121EAABB}.Release|Any CPU.ActiveCfg = Release|Any CPU
		{21934167-A52A-4C3B-A801-DB48121EAABB}.Release|Any CPU.Build.0 = Release|Any CPU
		{466D9A22-56AA-4259-A6E9-175C9DF4960E}.Debug|Any CPU.ActiveCfg = Debug|Any CPU
		{466D9A22-56AA-4259-A6E9-175C9DF4960E}.Debug|Any CPU.Build.0 = Debug|Any CPU
		{466D9A22-56AA-4259-A6E9-175C9DF4960E}.Release|Any CPU.ActiveCfg = Release|Any CPU
		{466D9A22-56AA-4259-A6E9-175C9DF4960E}.Release|Any CPU.Build.0 = Release|Any CPU
		{B8CD9200-9195-421D-9267-0674833DF478}.Debug|Any CPU.ActiveCfg = Debug|Any CPU
		{B8CD9200-9195-421D-9267-0674833DF478}.Debug|Any CPU.Build.0 = Debug|Any CPU
		{B8CD9200-9195-421D-9267-0674833DF478}.Release|Any CPU.ActiveCfg = Release|Any CPU
		{B8CD9200-9195-421D-9267-0674833DF478}.Release|Any CPU.Build.0 = Release|Any CPU
	EndGlobalSection
EndGlobal
