
Microsoft Visual Studio Solution File, Format Version 12.00
# Visual Studio 14
VisualStudioVersion = 14.0.24720.0
MinimumVisualStudioVersion = 10.0.40219.1
Project("{FAE04EC0-301F-11D3-BF4B-00C04F79EFBC}") = "chezzles.Engine", "..\chezzles.core\chezzles.Engine\chezzles.Engine.csproj", "{53C8F965-698A-43D0-B6F1-642D43E378A8}"
EndProject
Project("{2150E333-8FDC-42A3-9474-1A3956D46DE8}") = "Core", "Core", "{4C6B043D-564D-4548-9A95-47402B6519BF}"
EndProject
Project("{FAE04EC0-301F-11D3-BF4B-00C04F79EFBC}") = "chezzles.data", "chezzles.data\chezzles.data.csproj", "{B47B0360-99AC-4F59-9852-A8A4CFCD16F6}"
EndProject
Project("{FAE04EC0-301F-11D3-BF4B-00C04F79EFBC}") = "chezzles.nancy.api", "chezzles.nancy.api\chezzles.nancy.api.csproj", "{887A8565-4A10-44C8-82EF-F2F2D1D2BFBF}"
EndProject
Global
	GlobalSection(SolutionConfigurationPlatforms) = preSolution
		Debug|Any CPU = Debug|Any CPU
		Release|Any CPU = Release|Any CPU
	EndGlobalSection
	GlobalSection(ProjectConfigurationPlatforms) = postSolution
		{53C8F965-698A-43D0-B6F1-642D43E378A8}.Debug|Any CPU.ActiveCfg = Debug|Any CPU
		{53C8F965-698A-43D0-B6F1-642D43E378A8}.Debug|Any CPU.Build.0 = Debug|Any CPU
		{53C8F965-698A-43D0-B6F1-642D43E378A8}.Release|Any CPU.ActiveCfg = Release|Any CPU
		{53C8F965-698A-43D0-B6F1-642D43E378A8}.Release|Any CPU.Build.0 = Release|Any CPU
		{B47B0360-99AC-4F59-9852-A8A4CFCD16F6}.Debug|Any CPU.ActiveCfg = Debug|Any CPU
		{B47B0360-99AC-4F59-9852-A8A4CFCD16F6}.Debug|Any CPU.Build.0 = Debug|Any CPU
		{B47B0360-99AC-4F59-9852-A8A4CFCD16F6}.Release|Any CPU.ActiveCfg = Release|Any CPU
		{B47B0360-99AC-4F59-9852-A8A4CFCD16F6}.Release|Any CPU.Build.0 = Release|Any CPU
		{887A8565-4A10-44C8-82EF-F2F2D1D2BFBF}.Debug|Any CPU.ActiveCfg = Debug|Any CPU
		{887A8565-4A10-44C8-82EF-F2F2D1D2BFBF}.Debug|Any CPU.Build.0 = Debug|Any CPU
		{887A8565-4A10-44C8-82EF-F2F2D1D2BFBF}.Release|Any CPU.ActiveCfg = Release|Any CPU
		{887A8565-4A10-44C8-82EF-F2F2D1D2BFBF}.Release|Any CPU.Build.0 = Release|Any CPU
	EndGlobalSection
	GlobalSection(SolutionProperties) = preSolution
		HideSolutionNode = FALSE
	EndGlobalSection
	GlobalSection(NestedProjects) = preSolution
		{53C8F965-698A-43D0-B6F1-642D43E378A8} = {4C6B043D-564D-4548-9A95-47402B6519BF}
	EndGlobalSection
EndGlobal
