
Microsoft Visual Studio Solution File, Format Version 12.00
# Visual Studio 14
VisualStudioVersion = 14.0.23107.0
MinimumVisualStudioVersion = 10.0.40219.1
Project("{FAE04EC0-301F-11D3-BF4B-00C04F79EFBC}") = "chezzles.cocossharp", "chezzles.cocossharp\chezzles.cocossharp\chezzles.cocossharp.csproj", "{20130F07-7991-4430-8D11-A8F35EBEE2AD}"
EndProject
Project("{FAE04EC0-301F-11D3-BF4B-00C04F79EFBC}") = "chezzles.cocossharp.WinPhone", "chezzles.cocossharp\chezzles.cocossharp.WinPhone\chezzles.cocossharp.WinPhone.csproj", "{2FA82917-ECC0-48F8-9A30-F7B4E683BC06}"
EndProject
Project("{FAE04EC0-301F-11D3-BF4B-00C04F79EFBC}") = "chezzles.cocossharp.Droid", "chezzles.cocossharp\chezzles.cocossharp.Droid\chezzles.cocossharp.Droid.csproj", "{85E03945-9D9A-4AD1-8594-F7F5310AE48E}"
EndProject
Project("{FAE04EC0-301F-11D3-BF4B-00C04F79EFBC}") = "chezzles.cocossharp.iOS", "chezzles.cocossharp\chezzles.cocossharp.iOS\chezzles.cocossharp.iOS.csproj", "{5442F042-2B07-41C9-AF02-31E6795525D1}"
EndProject
Project("{FAE04EC0-301F-11D3-BF4B-00C04F79EFBC}") = "chezzles.Engine", "chezzles.cocossharp\chezzles.Engine\chezzles.Engine.csproj", "{53C8F965-698A-43D0-B6F1-642D43E378A8}"
EndProject
Global
	GlobalSection(SolutionConfigurationPlatforms) = preSolution
		Ad-Hoc|Any CPU = Ad-Hoc|Any CPU
		Ad-Hoc|ARM = Ad-Hoc|ARM
		Ad-Hoc|iPhone = Ad-Hoc|iPhone
		Ad-Hoc|iPhoneSimulator = Ad-Hoc|iPhoneSimulator
		Ad-Hoc|x86 = Ad-Hoc|x86
		AppStore|Any CPU = AppStore|Any CPU
		AppStore|ARM = AppStore|ARM
		AppStore|iPhone = AppStore|iPhone
		AppStore|iPhoneSimulator = AppStore|iPhoneSimulator
		AppStore|x86 = AppStore|x86
		Debug|Any CPU = Debug|Any CPU
		Debug|ARM = Debug|ARM
		Debug|iPhone = Debug|iPhone
		Debug|iPhoneSimulator = Debug|iPhoneSimulator
		Debug|x86 = Debug|x86
		Release|Any CPU = Release|Any CPU
		Release|ARM = Release|ARM
		Release|iPhone = Release|iPhone
		Release|iPhoneSimulator = Release|iPhoneSimulator
		Release|x86 = Release|x86
	EndGlobalSection
	GlobalSection(ProjectConfigurationPlatforms) = postSolution
		{20130F07-7991-4430-8D11-A8F35EBEE2AD}.Ad-Hoc|Any CPU.ActiveCfg = Release|Any CPU
		{20130F07-7991-4430-8D11-A8F35EBEE2AD}.Ad-Hoc|Any CPU.Build.0 = Release|Any CPU
		{20130F07-7991-4430-8D11-A8F35EBEE2AD}.Ad-Hoc|ARM.ActiveCfg = Release|Any CPU
		{20130F07-7991-4430-8D11-A8F35EBEE2AD}.Ad-Hoc|ARM.Build.0 = Release|Any CPU
		{20130F07-7991-4430-8D11-A8F35EBEE2AD}.Ad-Hoc|iPhone.ActiveCfg = Release|Any CPU
		{20130F07-7991-4430-8D11-A8F35EBEE2AD}.Ad-Hoc|iPhone.Build.0 = Release|Any CPU
		{20130F07-7991-4430-8D11-A8F35EBEE2AD}.Ad-Hoc|iPhoneSimulator.ActiveCfg = Release|Any CPU
		{20130F07-7991-4430-8D11-A8F35EBEE2AD}.Ad-Hoc|iPhoneSimulator.Build.0 = Release|Any CPU
		{20130F07-7991-4430-8D11-A8F35EBEE2AD}.Ad-Hoc|x86.ActiveCfg = Release|Any CPU
		{20130F07-7991-4430-8D11-A8F35EBEE2AD}.Ad-Hoc|x86.Build.0 = Release|Any CPU
		{20130F07-7991-4430-8D11-A8F35EBEE2AD}.AppStore|Any CPU.ActiveCfg = Release|Any CPU
		{20130F07-7991-4430-8D11-A8F35EBEE2AD}.AppStore|Any CPU.Build.0 = Release|Any CPU
		{20130F07-7991-4430-8D11-A8F35EBEE2AD}.AppStore|ARM.ActiveCfg = Release|Any CPU
		{20130F07-7991-4430-8D11-A8F35EBEE2AD}.AppStore|ARM.Build.0 = Release|Any CPU
		{20130F07-7991-4430-8D11-A8F35EBEE2AD}.AppStore|iPhone.ActiveCfg = Release|Any CPU
		{20130F07-7991-4430-8D11-A8F35EBEE2AD}.AppStore|iPhone.Build.0 = Release|Any CPU
		{20130F07-7991-4430-8D11-A8F35EBEE2AD}.AppStore|iPhoneSimulator.ActiveCfg = Release|Any CPU
		{20130F07-7991-4430-8D11-A8F35EBEE2AD}.AppStore|iPhoneSimulator.Build.0 = Release|Any CPU
		{20130F07-7991-4430-8D11-A8F35EBEE2AD}.AppStore|x86.ActiveCfg = Release|Any CPU
		{20130F07-7991-4430-8D11-A8F35EBEE2AD}.AppStore|x86.Build.0 = Release|Any CPU
		{20130F07-7991-4430-8D11-A8F35EBEE2AD}.Debug|Any CPU.ActiveCfg = Debug|Any CPU
		{20130F07-7991-4430-8D11-A8F35EBEE2AD}.Debug|Any CPU.Build.0 = Debug|Any CPU
		{20130F07-7991-4430-8D11-A8F35EBEE2AD}.Debug|ARM.ActiveCfg = Debug|Any CPU
		{20130F07-7991-4430-8D11-A8F35EBEE2AD}.Debug|ARM.Build.0 = Debug|Any CPU
		{20130F07-7991-4430-8D11-A8F35EBEE2AD}.Debug|iPhone.ActiveCfg = Debug|Any CPU
		{20130F07-7991-4430-8D11-A8F35EBEE2AD}.Debug|iPhone.Build.0 = Debug|Any CPU
		{20130F07-7991-4430-8D11-A8F35EBEE2AD}.Debug|iPhoneSimulator.ActiveCfg = Debug|Any CPU
		{20130F07-7991-4430-8D11-A8F35EBEE2AD}.Debug|iPhoneSimulator.Build.0 = Debug|Any CPU
		{20130F07-7991-4430-8D11-A8F35EBEE2AD}.Debug|x86.ActiveCfg = Debug|Any CPU
		{20130F07-7991-4430-8D11-A8F35EBEE2AD}.Debug|x86.Build.0 = Debug|Any CPU
		{20130F07-7991-4430-8D11-A8F35EBEE2AD}.Release|Any CPU.ActiveCfg = Release|Any CPU
		{20130F07-7991-4430-8D11-A8F35EBEE2AD}.Release|Any CPU.Build.0 = Release|Any CPU
		{20130F07-7991-4430-8D11-A8F35EBEE2AD}.Release|ARM.ActiveCfg = Release|Any CPU
		{20130F07-7991-4430-8D11-A8F35EBEE2AD}.Release|ARM.Build.0 = Release|Any CPU
		{20130F07-7991-4430-8D11-A8F35EBEE2AD}.Release|iPhone.ActiveCfg = Release|Any CPU
		{20130F07-7991-4430-8D11-A8F35EBEE2AD}.Release|iPhone.Build.0 = Release|Any CPU
		{20130F07-7991-4430-8D11-A8F35EBEE2AD}.Release|iPhoneSimulator.ActiveCfg = Release|Any CPU
		{20130F07-7991-4430-8D11-A8F35EBEE2AD}.Release|iPhoneSimulator.Build.0 = Release|Any CPU
		{20130F07-7991-4430-8D11-A8F35EBEE2AD}.Release|x86.ActiveCfg = Release|Any CPU
		{20130F07-7991-4430-8D11-A8F35EBEE2AD}.Release|x86.Build.0 = Release|Any CPU
		{2FA82917-ECC0-48F8-9A30-F7B4E683BC06}.Ad-Hoc|Any CPU.ActiveCfg = Release|Any CPU
		{2FA82917-ECC0-48F8-9A30-F7B4E683BC06}.Ad-Hoc|Any CPU.Build.0 = Release|Any CPU
		{2FA82917-ECC0-48F8-9A30-F7B4E683BC06}.Ad-Hoc|Any CPU.Deploy.0 = Release|Any CPU
		{2FA82917-ECC0-48F8-9A30-F7B4E683BC06}.Ad-Hoc|ARM.ActiveCfg = Release|ARM
		{2FA82917-ECC0-48F8-9A30-F7B4E683BC06}.Ad-Hoc|ARM.Build.0 = Release|ARM
		{2FA82917-ECC0-48F8-9A30-F7B4E683BC06}.Ad-Hoc|ARM.Deploy.0 = Release|ARM
		{2FA82917-ECC0-48F8-9A30-F7B4E683BC06}.Ad-Hoc|iPhone.ActiveCfg = Release|Any CPU
		{2FA82917-ECC0-48F8-9A30-F7B4E683BC06}.Ad-Hoc|iPhone.Build.0 = Release|Any CPU
		{2FA82917-ECC0-48F8-9A30-F7B4E683BC06}.Ad-Hoc|iPhone.Deploy.0 = Release|Any CPU
		{2FA82917-ECC0-48F8-9A30-F7B4E683BC06}.Ad-Hoc|iPhoneSimulator.ActiveCfg = Release|Any CPU
		{2FA82917-ECC0-48F8-9A30-F7B4E683BC06}.Ad-Hoc|iPhoneSimulator.Build.0 = Release|Any CPU
		{2FA82917-ECC0-48F8-9A30-F7B4E683BC06}.Ad-Hoc|iPhoneSimulator.Deploy.0 = Release|Any CPU
		{2FA82917-ECC0-48F8-9A30-F7B4E683BC06}.Ad-Hoc|x86.ActiveCfg = Release|x86
		{2FA82917-ECC0-48F8-9A30-F7B4E683BC06}.Ad-Hoc|x86.Build.0 = Release|x86
		{2FA82917-ECC0-48F8-9A30-F7B4E683BC06}.Ad-Hoc|x86.Deploy.0 = Release|x86
		{2FA82917-ECC0-48F8-9A30-F7B4E683BC06}.AppStore|Any CPU.ActiveCfg = Release|Any CPU
		{2FA82917-ECC0-48F8-9A30-F7B4E683BC06}.AppStore|Any CPU.Build.0 = Release|Any CPU
		{2FA82917-ECC0-48F8-9A30-F7B4E683BC06}.AppStore|Any CPU.Deploy.0 = Release|Any CPU
		{2FA82917-ECC0-48F8-9A30-F7B4E683BC06}.AppStore|ARM.ActiveCfg = Release|ARM
		{2FA82917-ECC0-48F8-9A30-F7B4E683BC06}.AppStore|ARM.Build.0 = Release|ARM
		{2FA82917-ECC0-48F8-9A30-F7B4E683BC06}.AppStore|ARM.Deploy.0 = Release|ARM
		{2FA82917-ECC0-48F8-9A30-F7B4E683BC06}.AppStore|iPhone.ActiveCfg = Release|Any CPU
		{2FA82917-ECC0-48F8-9A30-F7B4E683BC06}.AppStore|iPhone.Build.0 = Release|Any CPU
		{2FA82917-ECC0-48F8-9A30-F7B4E683BC06}.AppStore|iPhone.Deploy.0 = Release|Any CPU
		{2FA82917-ECC0-48F8-9A30-F7B4E683BC06}.AppStore|iPhoneSimulator.ActiveCfg = Release|Any CPU
		{2FA82917-ECC0-48F8-9A30-F7B4E683BC06}.AppStore|iPhoneSimulator.Build.0 = Release|Any CPU
		{2FA82917-ECC0-48F8-9A30-F7B4E683BC06}.AppStore|iPhoneSimulator.Deploy.0 = Release|Any CPU
		{2FA82917-ECC0-48F8-9A30-F7B4E683BC06}.AppStore|x86.ActiveCfg = Release|x86
		{2FA82917-ECC0-48F8-9A30-F7B4E683BC06}.AppStore|x86.Build.0 = Release|x86
		{2FA82917-ECC0-48F8-9A30-F7B4E683BC06}.AppStore|x86.Deploy.0 = Release|x86
		{2FA82917-ECC0-48F8-9A30-F7B4E683BC06}.Debug|Any CPU.ActiveCfg = Debug|Any CPU
		{2FA82917-ECC0-48F8-9A30-F7B4E683BC06}.Debug|Any CPU.Build.0 = Debug|Any CPU
		{2FA82917-ECC0-48F8-9A30-F7B4E683BC06}.Debug|Any CPU.Deploy.0 = Debug|Any CPU
		{2FA82917-ECC0-48F8-9A30-F7B4E683BC06}.Debug|ARM.ActiveCfg = Debug|ARM
		{2FA82917-ECC0-48F8-9A30-F7B4E683BC06}.Debug|ARM.Build.0 = Debug|ARM
		{2FA82917-ECC0-48F8-9A30-F7B4E683BC06}.Debug|ARM.Deploy.0 = Debug|ARM
		{2FA82917-ECC0-48F8-9A30-F7B4E683BC06}.Debug|iPhone.ActiveCfg = Debug|Any CPU
		{2FA82917-ECC0-48F8-9A30-F7B4E683BC06}.Debug|iPhone.Build.0 = Debug|Any CPU
		{2FA82917-ECC0-48F8-9A30-F7B4E683BC06}.Debug|iPhone.Deploy.0 = Debug|Any CPU
		{2FA82917-ECC0-48F8-9A30-F7B4E683BC06}.Debug|iPhoneSimulator.ActiveCfg = Debug|Any CPU
		{2FA82917-ECC0-48F8-9A30-F7B4E683BC06}.Debug|iPhoneSimulator.Build.0 = Debug|Any CPU
		{2FA82917-ECC0-48F8-9A30-F7B4E683BC06}.Debug|iPhoneSimulator.Deploy.0 = Debug|Any CPU
		{2FA82917-ECC0-48F8-9A30-F7B4E683BC06}.Debug|x86.ActiveCfg = Debug|x86
		{2FA82917-ECC0-48F8-9A30-F7B4E683BC06}.Debug|x86.Build.0 = Debug|x86
		{2FA82917-ECC0-48F8-9A30-F7B4E683BC06}.Debug|x86.Deploy.0 = Debug|x86
		{2FA82917-ECC0-48F8-9A30-F7B4E683BC06}.Release|Any CPU.ActiveCfg = Release|Any CPU
		{2FA82917-ECC0-48F8-9A30-F7B4E683BC06}.Release|Any CPU.Build.0 = Release|Any CPU
		{2FA82917-ECC0-48F8-9A30-F7B4E683BC06}.Release|Any CPU.Deploy.0 = Release|Any CPU
		{2FA82917-ECC0-48F8-9A30-F7B4E683BC06}.Release|ARM.ActiveCfg = Release|ARM
		{2FA82917-ECC0-48F8-9A30-F7B4E683BC06}.Release|ARM.Build.0 = Release|ARM
		{2FA82917-ECC0-48F8-9A30-F7B4E683BC06}.Release|ARM.Deploy.0 = Release|ARM
		{2FA82917-ECC0-48F8-9A30-F7B4E683BC06}.Release|iPhone.ActiveCfg = Release|Any CPU
		{2FA82917-ECC0-48F8-9A30-F7B4E683BC06}.Release|iPhone.Build.0 = Release|Any CPU
		{2FA82917-ECC0-48F8-9A30-F7B4E683BC06}.Release|iPhone.Deploy.0 = Release|Any CPU
		{2FA82917-ECC0-48F8-9A30-F7B4E683BC06}.Release|iPhoneSimulator.ActiveCfg = Release|Any CPU
		{2FA82917-ECC0-48F8-9A30-F7B4E683BC06}.Release|iPhoneSimulator.Build.0 = Release|Any CPU
		{2FA82917-ECC0-48F8-9A30-F7B4E683BC06}.Release|iPhoneSimulator.Deploy.0 = Release|Any CPU
		{2FA82917-ECC0-48F8-9A30-F7B4E683BC06}.Release|x86.ActiveCfg = Release|x86
		{2FA82917-ECC0-48F8-9A30-F7B4E683BC06}.Release|x86.Build.0 = Release|x86
		{2FA82917-ECC0-48F8-9A30-F7B4E683BC06}.Release|x86.Deploy.0 = Release|x86
		{85E03945-9D9A-4AD1-8594-F7F5310AE48E}.Ad-Hoc|Any CPU.ActiveCfg = Release|Any CPU
		{85E03945-9D9A-4AD1-8594-F7F5310AE48E}.Ad-Hoc|Any CPU.Build.0 = Release|Any CPU
		{85E03945-9D9A-4AD1-8594-F7F5310AE48E}.Ad-Hoc|Any CPU.Deploy.0 = Release|Any CPU
		{85E03945-9D9A-4AD1-8594-F7F5310AE48E}.Ad-Hoc|ARM.ActiveCfg = Release|Any CPU
		{85E03945-9D9A-4AD1-8594-F7F5310AE48E}.Ad-Hoc|ARM.Build.0 = Release|Any CPU
		{85E03945-9D9A-4AD1-8594-F7F5310AE48E}.Ad-Hoc|ARM.Deploy.0 = Release|Any CPU
		{85E03945-9D9A-4AD1-8594-F7F5310AE48E}.Ad-Hoc|iPhone.ActiveCfg = Release|Any CPU
		{85E03945-9D9A-4AD1-8594-F7F5310AE48E}.Ad-Hoc|iPhone.Build.0 = Release|Any CPU
		{85E03945-9D9A-4AD1-8594-F7F5310AE48E}.Ad-Hoc|iPhone.Deploy.0 = Release|Any CPU
		{85E03945-9D9A-4AD1-8594-F7F5310AE48E}.Ad-Hoc|iPhoneSimulator.ActiveCfg = Release|Any CPU
		{85E03945-9D9A-4AD1-8594-F7F5310AE48E}.Ad-Hoc|iPhoneSimulator.Build.0 = Release|Any CPU
		{85E03945-9D9A-4AD1-8594-F7F5310AE48E}.Ad-Hoc|iPhoneSimulator.Deploy.0 = Release|Any CPU
		{85E03945-9D9A-4AD1-8594-F7F5310AE48E}.Ad-Hoc|x86.ActiveCfg = Release|Any CPU
		{85E03945-9D9A-4AD1-8594-F7F5310AE48E}.Ad-Hoc|x86.Build.0 = Release|Any CPU
		{85E03945-9D9A-4AD1-8594-F7F5310AE48E}.Ad-Hoc|x86.Deploy.0 = Release|Any CPU
		{85E03945-9D9A-4AD1-8594-F7F5310AE48E}.AppStore|Any CPU.ActiveCfg = Release|Any CPU
		{85E03945-9D9A-4AD1-8594-F7F5310AE48E}.AppStore|Any CPU.Build.0 = Release|Any CPU
		{85E03945-9D9A-4AD1-8594-F7F5310AE48E}.AppStore|Any CPU.Deploy.0 = Release|Any CPU
		{85E03945-9D9A-4AD1-8594-F7F5310AE48E}.AppStore|ARM.ActiveCfg = Release|Any CPU
		{85E03945-9D9A-4AD1-8594-F7F5310AE48E}.AppStore|ARM.Build.0 = Release|Any CPU
		{85E03945-9D9A-4AD1-8594-F7F5310AE48E}.AppStore|ARM.Deploy.0 = Release|Any CPU
		{85E03945-9D9A-4AD1-8594-F7F5310AE48E}.AppStore|iPhone.ActiveCfg = Release|Any CPU
		{85E03945-9D9A-4AD1-8594-F7F5310AE48E}.AppStore|iPhone.Build.0 = Release|Any CPU
		{85E03945-9D9A-4AD1-8594-F7F5310AE48E}.AppStore|iPhone.Deploy.0 = Release|Any CPU
		{85E03945-9D9A-4AD1-8594-F7F5310AE48E}.AppStore|iPhoneSimulator.ActiveCfg = Release|Any CPU
		{85E03945-9D9A-4AD1-8594-F7F5310AE48E}.AppStore|iPhoneSimulator.Build.0 = Release|Any CPU
		{85E03945-9D9A-4AD1-8594-F7F5310AE48E}.AppStore|iPhoneSimulator.Deploy.0 = Release|Any CPU
		{85E03945-9D9A-4AD1-8594-F7F5310AE48E}.AppStore|x86.ActiveCfg = Release|Any CPU
		{85E03945-9D9A-4AD1-8594-F7F5310AE48E}.AppStore|x86.Build.0 = Release|Any CPU
		{85E03945-9D9A-4AD1-8594-F7F5310AE48E}.AppStore|x86.Deploy.0 = Release|Any CPU
		{85E03945-9D9A-4AD1-8594-F7F5310AE48E}.Debug|Any CPU.ActiveCfg = Debug|Any CPU
		{85E03945-9D9A-4AD1-8594-F7F5310AE48E}.Debug|Any CPU.Build.0 = Debug|Any CPU
		{85E03945-9D9A-4AD1-8594-F7F5310AE48E}.Debug|Any CPU.Deploy.0 = Debug|Any CPU
		{85E03945-9D9A-4AD1-8594-F7F5310AE48E}.Debug|ARM.ActiveCfg = Debug|Any CPU
		{85E03945-9D9A-4AD1-8594-F7F5310AE48E}.Debug|ARM.Build.0 = Debug|Any CPU
		{85E03945-9D9A-4AD1-8594-F7F5310AE48E}.Debug|ARM.Deploy.0 = Debug|Any CPU
		{85E03945-9D9A-4AD1-8594-F7F5310AE48E}.Debug|iPhone.ActiveCfg = Debug|Any CPU
		{85E03945-9D9A-4AD1-8594-F7F5310AE48E}.Debug|iPhone.Build.0 = Debug|Any CPU
		{85E03945-9D9A-4AD1-8594-F7F5310AE48E}.Debug|iPhone.Deploy.0 = Debug|Any CPU
		{85E03945-9D9A-4AD1-8594-F7F5310AE48E}.Debug|iPhoneSimulator.ActiveCfg = Debug|Any CPU
		{85E03945-9D9A-4AD1-8594-F7F5310AE48E}.Debug|iPhoneSimulator.Build.0 = Debug|Any CPU
		{85E03945-9D9A-4AD1-8594-F7F5310AE48E}.Debug|iPhoneSimulator.Deploy.0 = Debug|Any CPU
		{85E03945-9D9A-4AD1-8594-F7F5310AE48E}.Debug|x86.ActiveCfg = Debug|Any CPU
		{85E03945-9D9A-4AD1-8594-F7F5310AE48E}.Debug|x86.Build.0 = Debug|Any CPU
		{85E03945-9D9A-4AD1-8594-F7F5310AE48E}.Debug|x86.Deploy.0 = Debug|Any CPU
		{85E03945-9D9A-4AD1-8594-F7F5310AE48E}.Release|Any CPU.ActiveCfg = Release|Any CPU
		{85E03945-9D9A-4AD1-8594-F7F5310AE48E}.Release|Any CPU.Build.0 = Release|Any CPU
		{85E03945-9D9A-4AD1-8594-F7F5310AE48E}.Release|Any CPU.Deploy.0 = Release|Any CPU
		{85E03945-9D9A-4AD1-8594-F7F5310AE48E}.Release|ARM.ActiveCfg = Release|Any CPU
		{85E03945-9D9A-4AD1-8594-F7F5310AE48E}.Release|ARM.Build.0 = Release|Any CPU
		{85E03945-9D9A-4AD1-8594-F7F5310AE48E}.Release|ARM.Deploy.0 = Release|Any CPU
		{85E03945-9D9A-4AD1-8594-F7F5310AE48E}.Release|iPhone.ActiveCfg = Release|Any CPU
		{85E03945-9D9A-4AD1-8594-F7F5310AE48E}.Release|iPhone.Build.0 = Release|Any CPU
		{85E03945-9D9A-4AD1-8594-F7F5310AE48E}.Release|iPhone.Deploy.0 = Release|Any CPU
		{85E03945-9D9A-4AD1-8594-F7F5310AE48E}.Release|iPhoneSimulator.ActiveCfg = Release|Any CPU
		{85E03945-9D9A-4AD1-8594-F7F5310AE48E}.Release|iPhoneSimulator.Build.0 = Release|Any CPU
		{85E03945-9D9A-4AD1-8594-F7F5310AE48E}.Release|iPhoneSimulator.Deploy.0 = Release|Any CPU
		{85E03945-9D9A-4AD1-8594-F7F5310AE48E}.Release|x86.ActiveCfg = Release|Any CPU
		{85E03945-9D9A-4AD1-8594-F7F5310AE48E}.Release|x86.Build.0 = Release|Any CPU
		{85E03945-9D9A-4AD1-8594-F7F5310AE48E}.Release|x86.Deploy.0 = Release|Any CPU
		{5442F042-2B07-41C9-AF02-31E6795525D1}.Ad-Hoc|Any CPU.ActiveCfg = Ad-Hoc|iPhone
		{5442F042-2B07-41C9-AF02-31E6795525D1}.Ad-Hoc|ARM.ActiveCfg = Ad-Hoc|iPhone
		{5442F042-2B07-41C9-AF02-31E6795525D1}.Ad-Hoc|iPhone.ActiveCfg = Ad-Hoc|iPhone
		{5442F042-2B07-41C9-AF02-31E6795525D1}.Ad-Hoc|iPhone.Build.0 = Ad-Hoc|iPhone
		{5442F042-2B07-41C9-AF02-31E6795525D1}.Ad-Hoc|iPhoneSimulator.ActiveCfg = Ad-Hoc|iPhoneSimulator
		{5442F042-2B07-41C9-AF02-31E6795525D1}.Ad-Hoc|iPhoneSimulator.Build.0 = Ad-Hoc|iPhoneSimulator
		{5442F042-2B07-41C9-AF02-31E6795525D1}.Ad-Hoc|x86.ActiveCfg = Ad-Hoc|iPhone
		{5442F042-2B07-41C9-AF02-31E6795525D1}.AppStore|Any CPU.ActiveCfg = AppStore|iPhone
		{5442F042-2B07-41C9-AF02-31E6795525D1}.AppStore|ARM.ActiveCfg = AppStore|iPhone
		{5442F042-2B07-41C9-AF02-31E6795525D1}.AppStore|iPhone.ActiveCfg = AppStore|iPhone
		{5442F042-2B07-41C9-AF02-31E6795525D1}.AppStore|iPhone.Build.0 = AppStore|iPhone
		{5442F042-2B07-41C9-AF02-31E6795525D1}.AppStore|iPhoneSimulator.ActiveCfg = AppStore|iPhoneSimulator
		{5442F042-2B07-41C9-AF02-31E6795525D1}.AppStore|iPhoneSimulator.Build.0 = AppStore|iPhoneSimulator
		{5442F042-2B07-41C9-AF02-31E6795525D1}.AppStore|x86.ActiveCfg = AppStore|iPhone
		{5442F042-2B07-41C9-AF02-31E6795525D1}.Debug|Any CPU.ActiveCfg = Debug|iPhone
		{5442F042-2B07-41C9-AF02-31E6795525D1}.Debug|ARM.ActiveCfg = Debug|iPhone
		{5442F042-2B07-41C9-AF02-31E6795525D1}.Debug|iPhone.ActiveCfg = Debug|iPhone
		{5442F042-2B07-41C9-AF02-31E6795525D1}.Debug|iPhone.Build.0 = Debug|iPhone
		{5442F042-2B07-41C9-AF02-31E6795525D1}.Debug|iPhoneSimulator.ActiveCfg = Debug|iPhoneSimulator
		{5442F042-2B07-41C9-AF02-31E6795525D1}.Debug|iPhoneSimulator.Build.0 = Debug|iPhoneSimulator
		{5442F042-2B07-41C9-AF02-31E6795525D1}.Debug|x86.ActiveCfg = Debug|iPhone
		{5442F042-2B07-41C9-AF02-31E6795525D1}.Release|Any CPU.ActiveCfg = Release|iPhone
		{5442F042-2B07-41C9-AF02-31E6795525D1}.Release|ARM.ActiveCfg = Release|iPhone
		{5442F042-2B07-41C9-AF02-31E6795525D1}.Release|iPhone.ActiveCfg = Release|iPhone
		{5442F042-2B07-41C9-AF02-31E6795525D1}.Release|iPhone.Build.0 = Release|iPhone
		{5442F042-2B07-41C9-AF02-31E6795525D1}.Release|iPhoneSimulator.ActiveCfg = Release|iPhoneSimulator
		{5442F042-2B07-41C9-AF02-31E6795525D1}.Release|iPhoneSimulator.Build.0 = Release|iPhoneSimulator
		{5442F042-2B07-41C9-AF02-31E6795525D1}.Release|x86.ActiveCfg = Release|iPhone
		{53C8F965-698A-43D0-B6F1-642D43E378A8}.Ad-Hoc|Any CPU.ActiveCfg = Release|Any CPU
		{53C8F965-698A-43D0-B6F1-642D43E378A8}.Ad-Hoc|Any CPU.Build.0 = Release|Any CPU
		{53C8F965-698A-43D0-B6F1-642D43E378A8}.Ad-Hoc|ARM.ActiveCfg = Release|Any CPU
		{53C8F965-698A-43D0-B6F1-642D43E378A8}.Ad-Hoc|ARM.Build.0 = Release|Any CPU
		{53C8F965-698A-43D0-B6F1-642D43E378A8}.Ad-Hoc|iPhone.ActiveCfg = Release|Any CPU
		{53C8F965-698A-43D0-B6F1-642D43E378A8}.Ad-Hoc|iPhone.Build.0 = Release|Any CPU
		{53C8F965-698A-43D0-B6F1-642D43E378A8}.Ad-Hoc|iPhoneSimulator.ActiveCfg = Release|Any CPU
		{53C8F965-698A-43D0-B6F1-642D43E378A8}.Ad-Hoc|iPhoneSimulator.Build.0 = Release|Any CPU
		{53C8F965-698A-43D0-B6F1-642D43E378A8}.Ad-Hoc|x86.ActiveCfg = Release|Any CPU
		{53C8F965-698A-43D0-B6F1-642D43E378A8}.Ad-Hoc|x86.Build.0 = Release|Any CPU
		{53C8F965-698A-43D0-B6F1-642D43E378A8}.AppStore|Any CPU.ActiveCfg = Release|Any CPU
		{53C8F965-698A-43D0-B6F1-642D43E378A8}.AppStore|Any CPU.Build.0 = Release|Any CPU
		{53C8F965-698A-43D0-B6F1-642D43E378A8}.AppStore|ARM.ActiveCfg = Release|Any CPU
		{53C8F965-698A-43D0-B6F1-642D43E378A8}.AppStore|ARM.Build.0 = Release|Any CPU
		{53C8F965-698A-43D0-B6F1-642D43E378A8}.AppStore|iPhone.ActiveCfg = Release|Any CPU
		{53C8F965-698A-43D0-B6F1-642D43E378A8}.AppStore|iPhone.Build.0 = Release|Any CPU
		{53C8F965-698A-43D0-B6F1-642D43E378A8}.AppStore|iPhoneSimulator.ActiveCfg = Release|Any CPU
		{53C8F965-698A-43D0-B6F1-642D43E378A8}.AppStore|iPhoneSimulator.Build.0 = Release|Any CPU
		{53C8F965-698A-43D0-B6F1-642D43E378A8}.AppStore|x86.ActiveCfg = Release|Any CPU
		{53C8F965-698A-43D0-B6F1-642D43E378A8}.AppStore|x86.Build.0 = Release|Any CPU
		{53C8F965-698A-43D0-B6F1-642D43E378A8}.Debug|Any CPU.ActiveCfg = Debug|Any CPU
		{53C8F965-698A-43D0-B6F1-642D43E378A8}.Debug|Any CPU.Build.0 = Debug|Any CPU
		{53C8F965-698A-43D0-B6F1-642D43E378A8}.Debug|ARM.ActiveCfg = Debug|Any CPU
		{53C8F965-698A-43D0-B6F1-642D43E378A8}.Debug|ARM.Build.0 = Debug|Any CPU
		{53C8F965-698A-43D0-B6F1-642D43E378A8}.Debug|iPhone.ActiveCfg = Debug|Any CPU
		{53C8F965-698A-43D0-B6F1-642D43E378A8}.Debug|iPhone.Build.0 = Debug|Any CPU
		{53C8F965-698A-43D0-B6F1-642D43E378A8}.Debug|iPhoneSimulator.ActiveCfg = Debug|Any CPU
		{53C8F965-698A-43D0-B6F1-642D43E378A8}.Debug|iPhoneSimulator.Build.0 = Debug|Any CPU
		{53C8F965-698A-43D0-B6F1-642D43E378A8}.Debug|x86.ActiveCfg = Debug|Any CPU
		{53C8F965-698A-43D0-B6F1-642D43E378A8}.Debug|x86.Build.0 = Debug|Any CPU
		{53C8F965-698A-43D0-B6F1-642D43E378A8}.Release|Any CPU.ActiveCfg = Release|Any CPU
		{53C8F965-698A-43D0-B6F1-642D43E378A8}.Release|Any CPU.Build.0 = Release|Any CPU
		{53C8F965-698A-43D0-B6F1-642D43E378A8}.Release|ARM.ActiveCfg = Release|Any CPU
		{53C8F965-698A-43D0-B6F1-642D43E378A8}.Release|ARM.Build.0 = Release|Any CPU
		{53C8F965-698A-43D0-B6F1-642D43E378A8}.Release|iPhone.ActiveCfg = Release|Any CPU
		{53C8F965-698A-43D0-B6F1-642D43E378A8}.Release|iPhone.Build.0 = Release|Any CPU
		{53C8F965-698A-43D0-B6F1-642D43E378A8}.Release|iPhoneSimulator.ActiveCfg = Release|Any CPU
		{53C8F965-698A-43D0-B6F1-642D43E378A8}.Release|iPhoneSimulator.Build.0 = Release|Any CPU
		{53C8F965-698A-43D0-B6F1-642D43E378A8}.Release|x86.ActiveCfg = Release|Any CPU
		{53C8F965-698A-43D0-B6F1-642D43E378A8}.Release|x86.Build.0 = Release|Any CPU
	EndGlobalSection
	GlobalSection(SolutionProperties) = preSolution
		HideSolutionNode = FALSE
	EndGlobalSection
EndGlobal
