
Microsoft Visual Studio Solution File, Format Version 12.00
# Visual Studio 14
VisualStudioVersion = 14.0.23107.0
MinimumVisualStudioVersion = 10.0.40219.1
Project("{FAE04EC0-301F-11D3-BF4B-00C04F79EFBC}") = "chezzles.phone.Droid", "chezzles.phone.Droid\chezzles.phone.Droid.csproj", "{87C627DF-D466-4A29-A6FC-DFD38C5EC0C9}"
EndProject
Project("{FAE04EC0-301F-11D3-BF4B-00C04F79EFBC}") = "chezzles.phone.iOS", "chezzles.phone.iOS\chezzles.phone.iOS.csproj", "{B2F6BD4B-FC39-48FE-B82F-BE0FB1CB6815}"
EndProject
Project("{FAE04EC0-301F-11D3-BF4B-00C04F79EFBC}") = "chezzles.phone.WinPhone", "chezzles.phone.WinPhone\chezzles.phone.WinPhone.csproj", "{F4688652-3299-4B4A-B878-2A91134EFC8E}"
EndProject
Project("{2150E333-8FDC-42A3-9474-1A3956D46DE8}") = "Cocos", "Cocos", "{FBF3D7BD-B647-4330-AAD4-9C4D0E7FC1ED}"
EndProject
Project("{FAE04EC0-301F-11D3-BF4B-00C04F79EFBC}") = "chezzles.cocossharp", "..\chezzles.cocossharp\chezzles.cocossharp.csproj", "{20130F07-7991-4430-8D11-A8F35EBEE2AD}"
EndProject
Project("{2150E333-8FDC-42A3-9474-1A3956D46DE8}") = "Core", "Core", "{B88295B9-3BF6-4548-A958-E558C8DBA1B7}"
EndProject
Project("{FAE04EC0-301F-11D3-BF4B-00C04F79EFBC}") = "chezzles.Engine", "..\chezzles.core\chezzles.Engine\chezzles.Engine.csproj", "{53C8F965-698A-43D0-B6F1-642D43E378A8}"
EndProject
Global
	GlobalSection(SolutionConfigurationPlatforms) = preSolution
		Ad-Hoc|Any CPU = Ad-Hoc|Any CPU
		Ad-Hoc|ARM = Ad-Hoc|ARM
		Ad-Hoc|iPhone = Ad-Hoc|iPhone
		Ad-Hoc|iPhoneSimulator = Ad-Hoc|iPhoneSimulator
		Ad-Hoc|x86 = Ad-Hoc|x86
		AppStore|Any CPU = AppStore|Any CPU
		AppStore|ARM = AppStore|ARM
		AppStore|iPhone = AppStore|iPhone
		AppStore|iPhoneSimulator = AppStore|iPhoneSimulator
		AppStore|x86 = AppStore|x86
		Debug|Any CPU = Debug|Any CPU
		Debug|ARM = Debug|ARM
		Debug|iPhone = Debug|iPhone
		Debug|iPhoneSimulator = Debug|iPhoneSimulator
		Debug|x86 = Debug|x86
		Release|Any CPU = Release|Any CPU
		Release|ARM = Release|ARM
		Release|iPhone = Release|iPhone
		Release|iPhoneSimulator = Release|iPhoneSimulator
		Release|x86 = Release|x86
	EndGlobalSection
	GlobalSection(ProjectConfigurationPlatforms) = postSolution
		{87C627DF-D466-4A29-A6FC-DFD38C5EC0C9}.Ad-Hoc|Any CPU.ActiveCfg = Release|Any CPU
		{87C627DF-D466-4A29-A6FC-DFD38C5EC0C9}.Ad-Hoc|Any CPU.Build.0 = Release|Any CPU
		{87C627DF-D466-4A29-A6FC-DFD38C5EC0C9}.Ad-Hoc|Any CPU.Deploy.0 = Release|Any CPU
		{87C627DF-D466-4A29-A6FC-DFD38C5EC0C9}.Ad-Hoc|ARM.ActiveCfg = Release|Any CPU
		{87C627DF-D466-4A29-A6FC-DFD38C5EC0C9}.Ad-Hoc|ARM.Build.0 = Release|Any CPU
		{87C627DF-D466-4A29-A6FC-DFD38C5EC0C9}.Ad-Hoc|ARM.Deploy.0 = Release|Any CPU
		{87C627DF-D466-4A29-A6FC-DFD38C5EC0C9}.Ad-Hoc|iPhone.ActiveCfg = Release|Any CPU
		{87C627DF-D466-4A29-A6FC-DFD38C5EC0C9}.Ad-Hoc|iPhone.Build.0 = Release|Any CPU
		{87C627DF-D466-4A29-A6FC-DFD38C5EC0C9}.Ad-Hoc|iPhone.Deploy.0 = Release|Any CPU
		{87C627DF-D466-4A29-A6FC-DFD38C5EC0C9}.Ad-Hoc|iPhoneSimulator.ActiveCfg = Release|Any CPU
		{87C627DF-D466-4A29-A6FC-DFD38C5EC0C9}.Ad-Hoc|iPhoneSimulator.Build.0 = Release|Any CPU
		{87C627DF-D466-4A29-A6FC-DFD38C5EC0C9}.Ad-Hoc|iPhoneSimulator.Deploy.0 = Release|Any CPU
		{87C627DF-D466-4A29-A6FC-DFD38C5EC0C9}.Ad-Hoc|x86.ActiveCfg = Release|Any CPU
		{87C627DF-D466-4A29-A6FC-DFD38C5EC0C9}.Ad-Hoc|x86.Build.0 = Release|Any CPU
		{87C627DF-D466-4A29-A6FC-DFD38C5EC0C9}.Ad-Hoc|x86.Deploy.0 = Release|Any CPU
		{87C627DF-D466-4A29-A6FC-DFD38C5EC0C9}.AppStore|Any CPU.ActiveCfg = Release|Any CPU
		{87C627DF-D466-4A29-A6FC-DFD38C5EC0C9}.AppStore|Any CPU.Build.0 = Release|Any CPU
		{87C627DF-D466-4A29-A6FC-DFD38C5EC0C9}.AppStore|Any CPU.Deploy.0 = Release|Any CPU
		{87C627DF-D466-4A29-A6FC-DFD38C5EC0C9}.AppStore|ARM.ActiveCfg = Release|Any CPU
		{87C627DF-D466-4A29-A6FC-DFD38C5EC0C9}.AppStore|ARM.Build.0 = Release|Any CPU
		{87C627DF-D466-4A29-A6FC-DFD38C5EC0C9}.AppStore|ARM.Deploy.0 = Release|Any CPU
		{87C627DF-D466-4A29-A6FC-DFD38C5EC0C9}.AppStore|iPhone.ActiveCfg = Release|Any CPU
		{87C627DF-D466-4A29-A6FC-DFD38C5EC0C9}.AppStore|iPhone.Build.0 = Release|Any CPU
		{87C627DF-D466-4A29-A6FC-DFD38C5EC0C9}.AppStore|iPhone.Deploy.0 = Release|Any CPU
		{87C627DF-D466-4A29-A6FC-DFD38C5EC0C9}.AppStore|iPhoneSimulator.ActiveCfg = Release|Any CPU
		{87C627DF-D466-4A29-A6FC-DFD38C5EC0C9}.AppStore|iPhoneSimulator.Build.0 = Release|Any CPU
		{87C627DF-D466-4A29-A6FC-DFD38C5EC0C9}.AppStore|iPhoneSimulator.Deploy.0 = Release|Any CPU
		{87C627DF-D466-4A29-A6FC-DFD38C5EC0C9}.AppStore|x86.ActiveCfg = Release|Any CPU
		{87C627DF-D466-4A29-A6FC-DFD38C5EC0C9}.AppStore|x86.Build.0 = Release|Any CPU
		{87C627DF-D466-4A29-A6FC-DFD38C5EC0C9}.AppStore|x86.Deploy.0 = Release|Any CPU
		{87C627DF-D466-4A29-A6FC-DFD38C5EC0C9}.Debug|Any CPU.ActiveCfg = Debug|Any CPU
		{87C627DF-D466-4A29-A6FC-DFD38C5EC0C9}.Debug|Any CPU.Build.0 = Debug|Any CPU
		{87C627DF-D466-4A29-A6FC-DFD38C5EC0C9}.Debug|Any CPU.Deploy.0 = Debug|Any CPU
		{87C627DF-D466-4A29-A6FC-DFD38C5EC0C9}.Debug|ARM.ActiveCfg = Debug|Any CPU
		{87C627DF-D466-4A29-A6FC-DFD38C5EC0C9}.Debug|ARM.Build.0 = Debug|Any CPU
		{87C627DF-D466-4A29-A6FC-DFD38C5EC0C9}.Debug|ARM.Deploy.0 = Debug|Any CPU
		{87C627DF-D466-4A29-A6FC-DFD38C5EC0C9}.Debug|iPhone.ActiveCfg = Debug|Any CPU
		{87C627DF-D466-4A29-A6FC-DFD38C5EC0C9}.Debug|iPhone.Build.0 = Debug|Any CPU
		{87C627DF-D466-4A29-A6FC-DFD38C5EC0C9}.Debug|iPhone.Deploy.0 = Debug|Any CPU
		{87C627DF-D466-4A29-A6FC-DFD38C5EC0C9}.Debug|iPhoneSimulator.ActiveCfg = Debug|Any CPU
		{87C627DF-D466-4A29-A6FC-DFD38C5EC0C9}.Debug|iPhoneSimulator.Build.0 = Debug|Any CPU
		{87C627DF-D466-4A29-A6FC-DFD38C5EC0C9}.Debug|iPhoneSimulator.Deploy.0 = Debug|Any CPU
		{87C627DF-D466-4A29-A6FC-DFD38C5EC0C9}.Debug|x86.ActiveCfg = Debug|Any CPU
		{87C627DF-D466-4A29-A6FC-DFD38C5EC0C9}.Debug|x86.Build.0 = Debug|Any CPU
		{87C627DF-D466-4A29-A6FC-DFD38C5EC0C9}.Debug|x86.Deploy.0 = Debug|Any CPU
		{87C627DF-D466-4A29-A6FC-DFD38C5EC0C9}.Release|Any CPU.ActiveCfg = Release|Any CPU
		{87C627DF-D466-4A29-A6FC-DFD38C5EC0C9}.Release|Any CPU.Build.0 = Release|Any CPU
		{87C627DF-D466-4A29-A6FC-DFD38C5EC0C9}.Release|Any CPU.Deploy.0 = Release|Any CPU
		{87C627DF-D466-4A29-A6FC-DFD38C5EC0C9}.Release|ARM.ActiveCfg = Release|Any CPU
		{87C627DF-D466-4A29-A6FC-DFD38C5EC0C9}.Release|ARM.Build.0 = Release|Any CPU
		{87C627DF-D466-4A29-A6FC-DFD38C5EC0C9}.Release|ARM.Deploy.0 = Release|Any CPU
		{87C627DF-D466-4A29-A6FC-DFD38C5EC0C9}.Release|iPhone.ActiveCfg = Release|Any CPU
		{87C627DF-D466-4A29-A6FC-DFD38C5EC0C9}.Release|iPhone.Build.0 = Release|Any CPU
		{87C627DF-D466-4A29-A6FC-DFD38C5EC0C9}.Release|iPhone.Deploy.0 = Release|Any CPU
		{87C627DF-D466-4A29-A6FC-DFD38C5EC0C9}.Release|iPhoneSimulator.ActiveCfg = Release|Any CPU
		{87C627DF-D466-4A29-A6FC-DFD38C5EC0C9}.Release|iPhoneSimulator.Build.0 = Release|Any CPU
		{87C627DF-D466-4A29-A6FC-DFD38C5EC0C9}.Release|iPhoneSimulator.Deploy.0 = Release|Any CPU
		{87C627DF-D466-4A29-A6FC-DFD38C5EC0C9}.Release|x86.ActiveCfg = Release|Any CPU
		{87C627DF-D466-4A29-A6FC-DFD38C5EC0C9}.Release|x86.Build.0 = Release|Any CPU
		{87C627DF-D466-4A29-A6FC-DFD38C5EC0C9}.Release|x86.Deploy.0 = Release|Any CPU
		{B2F6BD4B-FC39-48FE-B82F-BE0FB1CB6815}.Ad-Hoc|Any CPU.ActiveCfg = Ad-Hoc|iPhone
		{B2F6BD4B-FC39-48FE-B82F-BE0FB1CB6815}.Ad-Hoc|ARM.ActiveCfg = Ad-Hoc|iPhone
		{B2F6BD4B-FC39-48FE-B82F-BE0FB1CB6815}.Ad-Hoc|iPhone.ActiveCfg = Ad-Hoc|iPhone
		{B2F6BD4B-FC39-48FE-B82F-BE0FB1CB6815}.Ad-Hoc|iPhone.Build.0 = Ad-Hoc|iPhone
		{B2F6BD4B-FC39-48FE-B82F-BE0FB1CB6815}.Ad-Hoc|iPhoneSimulator.ActiveCfg = Ad-Hoc|iPhoneSimulator
		{B2F6BD4B-FC39-48FE-B82F-BE0FB1CB6815}.Ad-Hoc|iPhoneSimulator.Build.0 = Ad-Hoc|iPhoneSimulator
		{B2F6BD4B-FC39-48FE-B82F-BE0FB1CB6815}.Ad-Hoc|x86.ActiveCfg = Ad-Hoc|iPhone
		{B2F6BD4B-FC39-48FE-B82F-BE0FB1CB6815}.AppStore|Any CPU.ActiveCfg = AppStore|iPhone
		{B2F6BD4B-FC39-48FE-B82F-BE0FB1CB6815}.AppStore|ARM.ActiveCfg = AppStore|iPhone
		{B2F6BD4B-FC39-48FE-B82F-BE0FB1CB6815}.AppStore|iPhone.ActiveCfg = AppStore|iPhone
		{B2F6BD4B-FC39-48FE-B82F-BE0FB1CB6815}.AppStore|iPhone.Build.0 = AppStore|iPhone
		{B2F6BD4B-FC39-48FE-B82F-BE0FB1CB6815}.AppStore|iPhoneSimulator.ActiveCfg = AppStore|iPhoneSimulator
		{B2F6BD4B-FC39-48FE-B82F-BE0FB1CB6815}.AppStore|iPhoneSimulator.Build.0 = AppStore|iPhoneSimulator
		{B2F6BD4B-FC39-48FE-B82F-BE0FB1CB6815}.AppStore|x86.ActiveCfg = AppStore|iPhone
		{B2F6BD4B-FC39-48FE-B82F-BE0FB1CB6815}.Debug|Any CPU.ActiveCfg = Debug|iPhone
		{B2F6BD4B-FC39-48FE-B82F-BE0FB1CB6815}.Debug|ARM.ActiveCfg = Debug|iPhone
		{B2F6BD4B-FC39-48FE-B82F-BE0FB1CB6815}.Debug|iPhone.ActiveCfg = Debug|iPhone
		{B2F6BD4B-FC39-48FE-B82F-BE0FB1CB6815}.Debug|iPhone.Build.0 = Debug|iPhone
		{B2F6BD4B-FC39-48FE-B82F-BE0FB1CB6815}.Debug|iPhoneSimulator.ActiveCfg = Debug|iPhoneSimulator
		{B2F6BD4B-FC39-48FE-B82F-BE0FB1CB6815}.Debug|iPhoneSimulator.Build.0 = Debug|iPhoneSimulator
		{B2F6BD4B-FC39-48FE-B82F-BE0FB1CB6815}.Debug|x86.ActiveCfg = Debug|iPhone
		{B2F6BD4B-FC39-48FE-B82F-BE0FB1CB6815}.Release|Any CPU.ActiveCfg = Release|iPhone
		{B2F6BD4B-FC39-48FE-B82F-BE0FB1CB6815}.Release|ARM.ActiveCfg = Release|iPhone
		{B2F6BD4B-FC39-48FE-B82F-BE0FB1CB6815}.Release|iPhone.ActiveCfg = Release|iPhone
		{B2F6BD4B-FC39-48FE-B82F-BE0FB1CB6815}.Release|iPhone.Build.0 = Release|iPhone
		{B2F6BD4B-FC39-48FE-B82F-BE0FB1CB6815}.Release|iPhoneSimulator.ActiveCfg = Release|iPhoneSimulator
		{B2F6BD4B-FC39-48FE-B82F-BE0FB1CB6815}.Release|iPhoneSimulator.Build.0 = Release|iPhoneSimulator
		{B2F6BD4B-FC39-48FE-B82F-BE0FB1CB6815}.Release|x86.ActiveCfg = Release|iPhone
		{F4688652-3299-4B4A-B878-2A91134EFC8E}.Ad-Hoc|Any CPU.ActiveCfg = Release|Any CPU
		{F4688652-3299-4B4A-B878-2A91134EFC8E}.Ad-Hoc|Any CPU.Build.0 = Release|Any CPU
		{F4688652-3299-4B4A-B878-2A91134EFC8E}.Ad-Hoc|Any CPU.Deploy.0 = Release|Any CPU
		{F4688652-3299-4B4A-B878-2A91134EFC8E}.Ad-Hoc|ARM.ActiveCfg = Release|ARM
		{F4688652-3299-4B4A-B878-2A91134EFC8E}.Ad-Hoc|ARM.Build.0 = Release|ARM
		{F4688652-3299-4B4A-B878-2A91134EFC8E}.Ad-Hoc|ARM.Deploy.0 = Release|ARM
		{F4688652-3299-4B4A-B878-2A91134EFC8E}.Ad-Hoc|iPhone.ActiveCfg = Release|Any CPU
		{F4688652-3299-4B4A-B878-2A91134EFC8E}.Ad-Hoc|iPhone.Build.0 = Release|Any CPU
		{F4688652-3299-4B4A-B878-2A91134EFC8E}.Ad-Hoc|iPhone.Deploy.0 = Release|Any CPU
		{F4688652-3299-4B4A-B878-2A91134EFC8E}.Ad-Hoc|iPhoneSimulator.ActiveCfg = Release|Any CPU
		{F4688652-3299-4B4A-B878-2A91134EFC8E}.Ad-Hoc|iPhoneSimulator.Build.0 = Release|Any CPU
		{F4688652-3299-4B4A-B878-2A91134EFC8E}.Ad-Hoc|iPhoneSimulator.Deploy.0 = Release|Any CPU
		{F4688652-3299-4B4A-B878-2A91134EFC8E}.Ad-Hoc|x86.ActiveCfg = Release|x86
		{F4688652-3299-4B4A-B878-2A91134EFC8E}.Ad-Hoc|x86.Build.0 = Release|x86
		{F4688652-3299-4B4A-B878-2A91134EFC8E}.Ad-Hoc|x86.Deploy.0 = Release|x86
		{F4688652-3299-4B4A-B878-2A91134EFC8E}.AppStore|Any CPU.ActiveCfg = Release|Any CPU
		{F4688652-3299-4B4A-B878-2A91134EFC8E}.AppStore|Any CPU.Build.0 = Release|Any CPU
		{F4688652-3299-4B4A-B878-2A91134EFC8E}.AppStore|Any CPU.Deploy.0 = Release|Any CPU
		{F4688652-3299-4B4A-B878-2A91134EFC8E}.AppStore|ARM.ActiveCfg = Release|ARM
		{F4688652-3299-4B4A-B878-2A91134EFC8E}.AppStore|ARM.Build.0 = Release|ARM
		{F4688652-3299-4B4A-B878-2A91134EFC8E}.AppStore|ARM.Deploy.0 = Release|ARM
		{F4688652-3299-4B4A-B878-2A91134EFC8E}.AppStore|iPhone.ActiveCfg = Release|Any CPU
		{F4688652-3299-4B4A-B878-2A91134EFC8E}.AppStore|iPhone.Build.0 = Release|Any CPU
		{F4688652-3299-4B4A-B878-2A91134EFC8E}.AppStore|iPhone.Deploy.0 = Release|Any CPU
		{F4688652-3299-4B4A-B878-2A91134EFC8E}.AppStore|iPhoneSimulator.ActiveCfg = Release|Any CPU
		{F4688652-3299-4B4A-B878-2A91134EFC8E}.AppStore|iPhoneSimulator.Build.0 = Release|Any CPU
		{F4688652-3299-4B4A-B878-2A91134EFC8E}.AppStore|iPhoneSimulator.Deploy.0 = Release|Any CPU
		{F4688652-3299-4B4A-B878-2A91134EFC8E}.AppStore|x86.ActiveCfg = Release|x86
		{F4688652-3299-4B4A-B878-2A91134EFC8E}.AppStore|x86.Build.0 = Release|x86
		{F4688652-3299-4B4A-B878-2A91134EFC8E}.AppStore|x86.Deploy.0 = Release|x86
		{F4688652-3299-4B4A-B878-2A91134EFC8E}.Debug|Any CPU.ActiveCfg = Debug|Any CPU
		{F4688652-3299-4B4A-B878-2A91134EFC8E}.Debug|Any CPU.Build.0 = Debug|Any CPU
		{F4688652-3299-4B4A-B878-2A91134EFC8E}.Debug|Any CPU.Deploy.0 = Debug|Any CPU
		{F4688652-3299-4B4A-B878-2A91134EFC8E}.Debug|ARM.ActiveCfg = Debug|ARM
		{F4688652-3299-4B4A-B878-2A91134EFC8E}.Debug|ARM.Build.0 = Debug|ARM
		{F4688652-3299-4B4A-B878-2A91134EFC8E}.Debug|ARM.Deploy.0 = Debug|ARM
		{F4688652-3299-4B4A-B878-2A91134EFC8E}.Debug|iPhone.ActiveCfg = Debug|Any CPU
		{F4688652-3299-4B4A-B878-2A91134EFC8E}.Debug|iPhone.Build.0 = Debug|Any CPU
		{F4688652-3299-4B4A-B878-2A91134EFC8E}.Debug|iPhone.Deploy.0 = Debug|Any CPU
		{F4688652-3299-4B4A-B878-2A91134EFC8E}.Debug|iPhoneSimulator.ActiveCfg = Debug|Any CPU
		{F4688652-3299-4B4A-B878-2A91134EFC8E}.Debug|iPhoneSimulator.Build.0 = Debug|Any CPU
		{F4688652-3299-4B4A-B878-2A91134EFC8E}.Debug|iPhoneSimulator.Deploy.0 = Debug|Any CPU
		{F4688652-3299-4B4A-B878-2A91134EFC8E}.Debug|x86.ActiveCfg = Debug|x86
		{F4688652-3299-4B4A-B878-2A91134EFC8E}.Debug|x86.Build.0 = Debug|x86
		{F4688652-3299-4B4A-B878-2A91134EFC8E}.Debug|x86.Deploy.0 = Debug|x86
		{F4688652-3299-4B4A-B878-2A91134EFC8E}.Release|Any CPU.ActiveCfg = Release|Any CPU
		{F4688652-3299-4B4A-B878-2A91134EFC8E}.Release|Any CPU.Build.0 = Release|Any CPU
		{F4688652-3299-4B4A-B878-2A91134EFC8E}.Release|Any CPU.Deploy.0 = Release|Any CPU
		{F4688652-3299-4B4A-B878-2A91134EFC8E}.Release|ARM.ActiveCfg = Release|ARM
		{F4688652-3299-4B4A-B878-2A91134EFC8E}.Release|ARM.Build.0 = Release|ARM
		{F4688652-3299-4B4A-B878-2A91134EFC8E}.Release|ARM.Deploy.0 = Release|ARM
		{F4688652-3299-4B4A-B878-2A91134EFC8E}.Release|iPhone.ActiveCfg = Release|Any CPU
		{F4688652-3299-4B4A-B878-2A91134EFC8E}.Release|iPhone.Build.0 = Release|Any CPU
		{F4688652-3299-4B4A-B878-2A91134EFC8E}.Release|iPhone.Deploy.0 = Release|Any CPU
		{F4688652-3299-4B4A-B878-2A91134EFC8E}.Release|iPhoneSimulator.ActiveCfg = Release|Any CPU
		{F4688652-3299-4B4A-B878-2A91134EFC8E}.Release|iPhoneSimulator.Build.0 = Release|Any CPU
		{F4688652-3299-4B4A-B878-2A91134EFC8E}.Release|iPhoneSimulator.Deploy.0 = Release|Any CPU
		{F4688652-3299-4B4A-B878-2A91134EFC8E}.Release|x86.ActiveCfg = Release|x86
		{F4688652-3299-4B4A-B878-2A91134EFC8E}.Release|x86.Build.0 = Release|x86
		{F4688652-3299-4B4A-B878-2A91134EFC8E}.Release|x86.Deploy.0 = Release|x86
		{20130F07-7991-4430-8D11-A8F35EBEE2AD}.Ad-Hoc|Any CPU.ActiveCfg = Release|Any CPU
		{20130F07-7991-4430-8D11-A8F35EBEE2AD}.Ad-Hoc|Any CPU.Build.0 = Release|Any CPU
		{20130F07-7991-4430-8D11-A8F35EBEE2AD}.Ad-Hoc|ARM.ActiveCfg = Release|Any CPU
		{20130F07-7991-4430-8D11-A8F35EBEE2AD}.Ad-Hoc|ARM.Build.0 = Release|Any CPU
		{20130F07-7991-4430-8D11-A8F35EBEE2AD}.Ad-Hoc|iPhone.ActiveCfg = Release|Any CPU
		{20130F07-7991-4430-8D11-A8F35EBEE2AD}.Ad-Hoc|iPhone.Build.0 = Release|Any CPU
		{20130F07-7991-4430-8D11-A8F35EBEE2AD}.Ad-Hoc|iPhoneSimulator.ActiveCfg = Release|Any CPU
		{20130F07-7991-4430-8D11-A8F35EBEE2AD}.Ad-Hoc|iPhoneSimulator.Build.0 = Release|Any CPU
		{20130F07-7991-4430-8D11-A8F35EBEE2AD}.Ad-Hoc|x86.ActiveCfg = Release|Any CPU
		{20130F07-7991-4430-8D11-A8F35EBEE2AD}.Ad-Hoc|x86.Build.0 = Release|Any CPU
		{20130F07-7991-4430-8D11-A8F35EBEE2AD}.AppStore|Any CPU.ActiveCfg = Release|Any CPU
		{20130F07-7991-4430-8D11-A8F35EBEE2AD}.AppStore|Any CPU.Build.0 = Release|Any CPU
		{20130F07-7991-4430-8D11-A8F35EBEE2AD}.AppStore|ARM.ActiveCfg = Release|Any CPU
		{20130F07-7991-4430-8D11-A8F35EBEE2AD}.AppStore|ARM.Build.0 = Release|Any CPU
		{20130F07-7991-4430-8D11-A8F35EBEE2AD}.AppStore|iPhone.ActiveCfg = Release|Any CPU
		{20130F07-7991-4430-8D11-A8F35EBEE2AD}.AppStore|iPhone.Build.0 = Release|Any CPU
		{20130F07-7991-4430-8D11-A8F35EBEE2AD}.AppStore|iPhoneSimulator.ActiveCfg = Release|Any CPU
		{20130F07-7991-4430-8D11-A8F35EBEE2AD}.AppStore|iPhoneSimulator.Build.0 = Release|Any CPU
		{20130F07-7991-4430-8D11-A8F35EBEE2AD}.AppStore|x86.ActiveCfg = Release|Any CPU
		{20130F07-7991-4430-8D11-A8F35EBEE2AD}.AppStore|x86.Build.0 = Release|Any CPU
		{20130F07-7991-4430-8D11-A8F35EBEE2AD}.Debug|Any CPU.ActiveCfg = Debug|Any CPU
		{20130F07-7991-4430-8D11-A8F35EBEE2AD}.Debug|Any CPU.Build.0 = Debug|Any CPU
		{20130F07-7991-4430-8D11-A8F35EBEE2AD}.Debug|ARM.ActiveCfg = Debug|Any CPU
		{20130F07-7991-4430-8D11-A8F35EBEE2AD}.Debug|ARM.Build.0 = Debug|Any CPU
		{20130F07-7991-4430-8D11-A8F35EBEE2AD}.Debug|iPhone.ActiveCfg = Debug|Any CPU
		{20130F07-7991-4430-8D11-A8F35EBEE2AD}.Debug|iPhone.Build.0 = Debug|Any CPU
		{20130F07-7991-4430-8D11-A8F35EBEE2AD}.Debug|iPhoneSimulator.ActiveCfg = Debug|Any CPU
		{20130F07-7991-4430-8D11-A8F35EBEE2AD}.Debug|iPhoneSimulator.Build.0 = Debug|Any CPU
		{20130F07-7991-4430-8D11-A8F35EBEE2AD}.Debug|x86.ActiveCfg = Debug|Any CPU
		{20130F07-7991-4430-8D11-A8F35EBEE2AD}.Debug|x86.Build.0 = Debug|Any CPU
		{20130F07-7991-4430-8D11-A8F35EBEE2AD}.Release|Any CPU.ActiveCfg = Release|Any CPU
		{20130F07-7991-4430-8D11-A8F35EBEE2AD}.Release|Any CPU.Build.0 = Release|Any CPU
		{20130F07-7991-4430-8D11-A8F35EBEE2AD}.Release|ARM.ActiveCfg = Release|Any CPU
		{20130F07-7991-4430-8D11-A8F35EBEE2AD}.Release|ARM.Build.0 = Release|Any CPU
		{20130F07-7991-4430-8D11-A8F35EBEE2AD}.Release|iPhone.ActiveCfg = Release|Any CPU
		{20130F07-7991-4430-8D11-A8F35EBEE2AD}.Release|iPhone.Build.0 = Release|Any CPU
		{20130F07-7991-4430-8D11-A8F35EBEE2AD}.Release|iPhoneSimulator.ActiveCfg = Release|Any CPU
		{20130F07-7991-4430-8D11-A8F35EBEE2AD}.Release|iPhoneSimulator.Build.0 = Release|Any CPU
		{20130F07-7991-4430-8D11-A8F35EBEE2AD}.Release|x86.ActiveCfg = Release|Any CPU
		{20130F07-7991-4430-8D11-A8F35EBEE2AD}.Release|x86.Build.0 = Release|Any CPU
		{53C8F965-698A-43D0-B6F1-642D43E378A8}.Ad-Hoc|Any CPU.ActiveCfg = Release|Any CPU
		{53C8F965-698A-43D0-B6F1-642D43E378A8}.Ad-Hoc|Any CPU.Build.0 = Release|Any CPU
		{53C8F965-698A-43D0-B6F1-642D43E378A8}.Ad-Hoc|ARM.ActiveCfg = Release|Any CPU
		{53C8F965-698A-43D0-B6F1-642D43E378A8}.Ad-Hoc|ARM.Build.0 = Release|Any CPU
		{53C8F965-698A-43D0-B6F1-642D43E378A8}.Ad-Hoc|iPhone.ActiveCfg = Release|Any CPU
		{53C8F965-698A-43D0-B6F1-642D43E378A8}.Ad-Hoc|iPhone.Build.0 = Release|Any CPU
		{53C8F965-698A-43D0-B6F1-642D43E378A8}.Ad-Hoc|iPhoneSimulator.ActiveCfg = Release|Any CPU
		{53C8F965-698A-43D0-B6F1-642D43E378A8}.Ad-Hoc|iPhoneSimulator.Build.0 = Release|Any CPU
		{53C8F965-698A-43D0-B6F1-642D43E378A8}.Ad-Hoc|x86.ActiveCfg = Release|Any CPU
		{53C8F965-698A-43D0-B6F1-642D43E378A8}.Ad-Hoc|x86.Build.0 = Release|Any CPU
		{53C8F965-698A-43D0-B6F1-642D43E378A8}.AppStore|Any CPU.ActiveCfg = Release|Any CPU
		{53C8F965-698A-43D0-B6F1-642D43E378A8}.AppStore|Any CPU.Build.0 = Release|Any CPU
		{53C8F965-698A-43D0-B6F1-642D43E378A8}.AppStore|ARM.ActiveCfg = Release|Any CPU
		{53C8F965-698A-43D0-B6F1-642D43E378A8}.AppStore|ARM.Build.0 = Release|Any CPU
		{53C8F965-698A-43D0-B6F1-642D43E378A8}.AppStore|iPhone.ActiveCfg = Release|Any CPU
		{53C8F965-698A-43D0-B6F1-642D43E378A8}.AppStore|iPhone.Build.0 = Release|Any CPU
		{53C8F965-698A-43D0-B6F1-642D43E378A8}.AppStore|iPhoneSimulator.ActiveCfg = Release|Any CPU
		{53C8F965-698A-43D0-B6F1-642D43E378A8}.AppStore|iPhoneSimulator.Build.0 = Release|Any CPU
		{53C8F965-698A-43D0-B6F1-642D43E378A8}.AppStore|x86.ActiveCfg = Release|Any CPU
		{53C8F965-698A-43D0-B6F1-642D43E378A8}.AppStore|x86.Build.0 = Release|Any CPU
		{53C8F965-698A-43D0-B6F1-642D43E378A8}.Debug|Any CPU.ActiveCfg = Debug|Any CPU
		{53C8F965-698A-43D0-B6F1-642D43E378A8}.Debug|Any CPU.Build.0 = Debug|Any CPU
		{53C8F965-698A-43D0-B6F1-642D43E378A8}.Debug|ARM.ActiveCfg = Debug|Any CPU
		{53C8F965-698A-43D0-B6F1-642D43E378A8}.Debug|ARM.Build.0 = Debug|Any CPU
		{53C8F965-698A-43D0-B6F1-642D43E378A8}.Debug|iPhone.ActiveCfg = Debug|Any CPU
		{53C8F965-698A-43D0-B6F1-642D43E378A8}.Debug|iPhone.Build.0 = Debug|Any CPU
		{53C8F965-698A-43D0-B6F1-642D43E378A8}.Debug|iPhoneSimulator.ActiveCfg = Debug|Any CPU
		{53C8F965-698A-43D0-B6F1-642D43E378A8}.Debug|iPhoneSimulator.Build.0 = Debug|Any CPU
		{53C8F965-698A-43D0-B6F1-642D43E378A8}.Debug|x86.ActiveCfg = Debug|Any CPU
		{53C8F965-698A-43D0-B6F1-642D43E378A8}.Debug|x86.Build.0 = Debug|Any CPU
		{53C8F965-698A-43D0-B6F1-642D43E378A8}.Release|Any CPU.ActiveCfg = Release|Any CPU
		{53C8F965-698A-43D0-B6F1-642D43E378A8}.Release|Any CPU.Build.0 = Release|Any CPU
		{53C8F965-698A-43D0-B6F1-642D43E378A8}.Release|ARM.ActiveCfg = Release|Any CPU
		{53C8F965-698A-43D0-B6F1-642D43E378A8}.Release|ARM.Build.0 = Release|Any CPU
		{53C8F965-698A-43D0-B6F1-642D43E378A8}.Release|iPhone.ActiveCfg = Release|Any CPU
		{53C8F965-698A-43D0-B6F1-642D43E378A8}.Release|iPhone.Build.0 = Release|Any CPU
		{53C8F965-698A-43D0-B6F1-642D43E378A8}.Release|iPhoneSimulator.ActiveCfg = Release|Any CPU
		{53C8F965-698A-43D0-B6F1-642D43E378A8}.Release|iPhoneSimulator.Build.0 = Release|Any CPU
		{53C8F965-698A-43D0-B6F1-642D43E378A8}.Release|x86.ActiveCfg = Release|Any CPU
		{53C8F965-698A-43D0-B6F1-642D43E378A8}.Release|x86.Build.0 = Release|Any CPU
	EndGlobalSection
	GlobalSection(SolutionProperties) = preSolution
		HideSolutionNode = FALSE
	EndGlobalSection
	GlobalSection(NestedProjects) = preSolution
		{20130F07-7991-4430-8D11-A8F35EBEE2AD} = {FBF3D7BD-B647-4330-AAD4-9C4D0E7FC1ED}
		{53C8F965-698A-43D0-B6F1-642D43E378A8} = {B88295B9-3BF6-4548-A958-E558C8DBA1B7}
	EndGlobalSection
EndGlobal
